
Microsoft Visual Studio Solution File, Format Version 12.00
# Visual Studio Version 16
VisualStudioVersion = 16.0.30114.105
MinimumVisualStudioVersion = 10.0.40219.1
Project("{2150E333-8FDC-42A3-9474-1A3956D46DE8}") = "OWLOS", "OWLOS", "{CEAB6A89-5A7E-4F78-8DC9-903F3DCA2ACE}"
	ProjectSection(SolutionItems) = preProject
		OWLOS\compileUIonly.bat = OWLOS\compileUIonly.bat
		OWLOS\compileupdate.bat = OWLOS\compileupdate.bat
		OWLOS\OWLOS.ino = OWLOS\OWLOS.ino
	EndProjectSection
EndProject
Project("{2150E333-8FDC-42A3-9474-1A3956D46DE8}") = "OWLStarter", "OWLStarter", "{2B56B938-D996-4E6C-B185-5A36A9EA515B}"
	ProjectSection(SolutionItems) = preProject
		OWLStarter\OWLStarter.ino = OWLStarter\OWLStarter.ino
	EndProjectSection
EndProject
Project("{2150E333-8FDC-42A3-9474-1A3956D46DE8}") = "data", "data", "{0586AFF7-C5E7-4ED0-9719-B2D3750DF097}"
	ProjectSection(SolutionItems) = preProject
		OWLOS\data\7ZiptoGZIP.bat = OWLOS\data\7ZiptoGZIP.bat
		OWLOS\data\actuatorwidget.js = OWLOS\data\actuatorwidget.js
		OWLOS\data\basewidget.js = OWLOS\data\basewidget.js
		OWLOS\data\bootcore.js = OWLOS\data\bootcore.js
		OWLOS\data\bootstrap.min.css = OWLOS\data\bootstrap.min.css
		OWLOS\data\bootstrap.min.js = OWLOS\data\bootstrap.min.js
		OWLOS\data\buttonelement.js = OWLOS\data\buttonelement.js
		OWLOS\data\configcore.js = OWLOS\data\configcore.js
		OWLOS\data\dashboardui.js = OWLOS\data\dashboardui.js
		OWLOS\data\dataTables.min.css = OWLOS\data\dataTables.min.css
		OWLOS\data\dataTables.min.js = OWLOS\data\dataTables.min.js
		OWLOS\data\dialogcomboboxelement.js = OWLOS\data\dialogcomboboxelement.js
		OWLOS\data\dialogelement.js = OWLOS\data\dialogelement.js
		OWLOS\data\dialoginputelement.js = OWLOS\data\dialoginputelement.js
		OWLOS\data\dialogselectelement.js = OWLOS\data\dialogselectelement.js
		OWLOS\data\drawcore.js = OWLOS\data\drawcore.js
		OWLOS\data\driverscore.js = OWLOS\data\driverscore.js
		OWLOS\data\driversui.js = OWLOS\data\driversui.js
		OWLOS\data\filespanelui.js = OWLOS\data\filespanelui.js
		OWLOS\data\graphwidget.js = OWLOS\data\graphwidget.js
		OWLOS\data\index.html = OWLOS\data\index.html
		OWLOS\data\index.js = OWLOS\data\index.js
		OWLOS\data\indexie.html = OWLOS\data\indexie.html
		OWLOS\data\jquery.dataTables.min.js = OWLOS\data\jquery.dataTables.min.js
		OWLOS\data\jquery.min.js = OWLOS\data\jquery.min.js
		OWLOS\data\languagescore.js = OWLOS\data\languagescore.js
		OWLOS\data\lcdwidget.js = OWLOS\data\lcdwidget.js
		OWLOS\data\lightwidget.js = OWLOS\data\lightwidget.js
		OWLOS\data\motionwidget.js = OWLOS\data\motionwidget.js
		OWLOS\data\popper.min.js = OWLOS\data\popper.min.js
		OWLOS\data\radialwidget.js = OWLOS\data\radialwidget.js
		OWLOS\data\restclientcore.js = OWLOS\data\restclientcore.js
		OWLOS\data\scriptscore.js = OWLOS\data\scriptscore.js
		OWLOS\data\settingsui.js = OWLOS\data\settingsui.js
		OWLOS\data\smokewidget.js = OWLOS\data\smokewidget.js
		OWLOS\data\speechcore.js = OWLOS\data\speechcore.js
		OWLOS\data\stepperwidget.js = OWLOS\data\stepperwidget.js
		OWLOS\data\tablewidget.js = OWLOS\data\tablewidget.js
		OWLOS\data\temperaturewidget.js = OWLOS\data\temperaturewidget.js
		OWLOS\data\ui.css = OWLOS\data\ui.css
		OWLOS\data\updateinfo.html = OWLOS\data\updateinfo.html
		OWLOS\data\valuewidget.js = OWLOS\data\valuewidget.js
		OWLOS\data\widgetswrappers.js = OWLOS\data\widgetswrappers.js
	EndProjectSection
EndProject
Project("{2150E333-8FDC-42A3-9474-1A3956D46DE8}") = "libraries", "libraries", "{00D2E15C-87C3-4EC5-A8DC-2213DEE378DD}"
	ProjectSection(SolutionItems) = preProject
		OWLOS\libraries\Adafruit_Sensor-master.zip = OWLOS\libraries\Adafruit_Sensor-master.zip
		OWLOS\libraries\DHT-sensor-library-master.zip = OWLOS\libraries\DHT-sensor-library-master.zip
		OWLOS\libraries\LiquidCrystal_I2C-master.zip = OWLOS\libraries\LiquidCrystal_I2C-master.zip
		OWLOS\libraries\OneWire.zip = OWLOS\libraries\OneWire.zip
		OWLOS\libraries\README.md = OWLOS\libraries\README.md
	EndProjectSection
EndProject
Project("{2150E333-8FDC-42A3-9474-1A3956D46DE8}") = "openssl", "openssl", "{5025BA70-8AFB-434A-88E8-1CD27C36F30B}"
	ProjectSection(SolutionItems) = preProject
		OWLOS\openssl\opensslcommand.txt = OWLOS\openssl\opensslcommand.txt
	EndProjectSection
EndProject
Project("{2150E333-8FDC-42A3-9474-1A3956D46DE8}") = "src", "src", "{6C1C1756-D7E4-4399-AF22-7D43AAE2F9E7}"
	ProjectSection(SolutionItems) = preProject
		OWLOS\src\Kernel.cpp = OWLOS\src\Kernel.cpp
		OWLOS\src\Kernel.h = OWLOS\src\Kernel.h
	EndProjectSection
EndProject
Project("{2150E333-8FDC-42A3-9474-1A3956D46DE8}") = "poligon", "poligon", "{E41163AD-4A6A-4628-9CA9-558A5CA10032}"
	ProjectSection(SolutionItems) = preProject
		OWLOS\data\poligone\index.html = OWLOS\data\poligone\index.html
		OWLOS\data\poligone\index.js = OWLOS\data\poligone\index.js
	EndProjectSection
EndProject
Project("{2150E333-8FDC-42A3-9474-1A3956D46DE8}") = "drivers", "drivers", "{E4AC87BE-1B74-436F-AC4C-D9D9342EA354}"
	ProjectSection(SolutionItems) = preProject
		OWLOS\src\drivers\ActuatorDriver.cpp = OWLOS\src\drivers\ActuatorDriver.cpp
		OWLOS\src\drivers\ActuatorDriver.h = OWLOS\src\drivers\ActuatorDriver.h
		OWLOS\src\drivers\BaseDriver.cpp = OWLOS\src\drivers\BaseDriver.cpp
		OWLOS\src\drivers\BaseDriver.h = OWLOS\src\drivers\BaseDriver.h
		OWLOS\src\drivers\DHTDriver.cpp = OWLOS\src\drivers\DHTDriver.cpp
		OWLOS\src\drivers\DHTDriver.h = OWLOS\src\drivers\DHTDriver.h
		OWLOS\src\drivers\ESPDriver.cpp = OWLOS\src\drivers\ESPDriver.cpp
		OWLOS\src\drivers\ESPDriver.h = OWLOS\src\drivers\ESPDriver.h
		OWLOS\src\drivers\LCDDriver.cpp = OWLOS\src\drivers\LCDDriver.cpp
		OWLOS\src\drivers\LCDDriver.h = OWLOS\src\drivers\LCDDriver.h
		OWLOS\src\drivers\LightDriver.cpp = OWLOS\src\drivers\LightDriver.cpp
		OWLOS\src\drivers\LightDriver.h = OWLOS\src\drivers\LightDriver.h
		OWLOS\src\drivers\MotionDriver.cpp = OWLOS\src\drivers\MotionDriver.cpp
		OWLOS\src\drivers\MotionDriver.h = OWLOS\src\drivers\MotionDriver.h
		OWLOS\src\src\drivers\NetworkDriver.cpp = OWLOS\src\src\drivers\NetworkDriver.cpp
		OWLOS\src\src\drivers\NetworkDriver.h = OWLOS\src\src\drivers\NetworkDriver.h
		OWLOS\src\drivers\OptoDriver.cpp = OWLOS\src\drivers\OptoDriver.cpp
		OWLOS\src\drivers\OptoDriver.h = OWLOS\src\drivers\OptoDriver.h
		OWLOS\src\drivers\SensorDriver.cpp = OWLOS\src\drivers\SensorDriver.cpp
		OWLOS\src\drivers\SensorDriver.h = OWLOS\src\drivers\SensorDriver.h
		OWLOS\src\drivers\SmokeDriver.cpp = OWLOS\src\drivers\SmokeDriver.cpp
		OWLOS\src\drivers\SmokeDriver.h = OWLOS\src\drivers\SmokeDriver.h
		OWLOS\src\drivers\StepperDriver.cpp = OWLOS\src\drivers\StepperDriver.cpp
		OWLOS\src\drivers\StepperDriver.h = OWLOS\src\drivers\StepperDriver.h
		OWLOS\src\drivers\ValveDriver.cpp = OWLOS\src\drivers\ValveDriver.cpp
		OWLOS\src\drivers\ValveDriver.h = OWLOS\src\drivers\ValveDriver.h
		OWLOS\src\src\drivers\WifiDriver.cpp = OWLOS\src\src\drivers\WifiDriver.cpp
		OWLOS\src\src\drivers\WifiDriver.h = OWLOS\src\src\drivers\WifiDriver.h
	EndProjectSection
EndProject
Project("{2150E333-8FDC-42A3-9474-1A3956D46DE8}") = "services", "services", "{B8F9C798-24FF-4E00-B903-228234AAE229}"
	ProjectSection(SolutionItems) = preProject
		OWLOS\src\services\DriverService.cpp = OWLOS\src\services\DriverService.cpp
		OWLOS\src\services\DriverService.h = OWLOS\src\services\DriverService.h
		OWLOS\src\services\FileService.cpp = OWLOS\src\services\FileService.cpp
		OWLOS\src\services\FileService.h = OWLOS\src\services\FileService.h
		OWLOS\src\services\OTAService.cpp = OWLOS\src\services\OTAService.cpp
		OWLOS\src\services\OTAService.h = OWLOS\src\services\OTAService.h
		OWLOS\src\services\PinService.cpp = OWLOS\src\services\PinService.cpp
		OWLOS\src\services\PinService.h = OWLOS\src\services\PinService.h
		OWLOS\src\services\ScriptService.cpp = OWLOS\src\services\ScriptService.cpp
		OWLOS\src\services\ScriptService.h = OWLOS\src\services\ScriptService.h
		OWLOS\src\services\TransportService.cpp = OWLOS\src\services\TransportService.cpp
		OWLOS\src\services\TransportService.h = OWLOS\src\services\TransportService.h
		OWLOS\src\src\services\TransportServiceESP32.cpp = OWLOS\src\src\services\TransportServiceESP32.cpp
		OWLOS\src\src\services\TransportServiceESP8266.cpp = OWLOS\src\src\services\TransportServiceESP8266.cpp
		OWLOS\src\services\UpdateService.cpp = OWLOS\src\services\UpdateService.cpp
		OWLOS\src\services\UpdateService.h = OWLOS\src\services\UpdateService.h
	EndProjectSection
EndProject
Project("{2150E333-8FDC-42A3-9474-1A3956D46DE8}") = "transports", "transports", "{6A416E69-AA4F-41A2-9C9E-6FD7D55E306A}"
	ProjectSection(SolutionItems) = preProject
		OWLOS\src\src\transports\cert.h = OWLOS\src\src\transports\cert.h
		OWLOS\src\transports\HTTPServer.cpp = OWLOS\src\transports\HTTPServer.cpp
		OWLOS\src\transports\HTTPServer.h = OWLOS\src\transports\HTTPServer.h
		OWLOS\src\transports\HTTPServerThings.cpp = OWLOS\src\transports\HTTPServerThings.cpp
		OWLOS\src\transports\HTTPServerThings.h = OWLOS\src\transports\HTTPServerThings.h
		OWLOS\src\src\transports\HTTPSWebServer.h = OWLOS\src\src\transports\HTTPSWebServer.h
		OWLOS\src\src\transports\HTTPSWebServerESP32.cpp = OWLOS\src\src\transports\HTTPSWebServerESP32.cpp
		OWLOS\src\src\transports\HTTPSWebServerESP8266.cpp = OWLOS\src\src\transports\HTTPSWebServerESP8266.cpp
		OWLOS\src\src\transports\HTTPWebClient.cpp = OWLOS\src\src\transports\HTTPWebClient.cpp
		OWLOS\src\src\transports\HTTPWebClient.h = OWLOS\src\src\transports\HTTPWebClient.h
		OWLOS\src\transports\MQTTClient.cpp = OWLOS\src\transports\MQTTClient.cpp
		OWLOS\src\transports\MQTTClient.h = OWLOS\src\transports\MQTTClient.h
		OWLOS\src\src\transports\private_key.h = OWLOS\src\src\transports\private_key.h
		OWLOS\src\transports\WebClient.cpp = OWLOS\src\transports\WebClient.cpp
		OWLOS\src\transports\WebClient.h = OWLOS\src\transports\WebClient.h
	EndProjectSection
EndProject
Project("{2150E333-8FDC-42A3-9474-1A3956D46DE8}") = "utils", "utils", "{9C6397B1-FCB3-4718-A913-F52E5BE372EE}"
	ProjectSection(SolutionItems) = preProject
		OWLOS\src\utils\Utils.cpp = OWLOS\src\utils\Utils.cpp
		OWLOS\src\utils\Utils.h = OWLOS\src\utils\Utils.h
		OWLOS\src\utils\WebProperties.cpp = OWLOS\src\utils\WebProperties.cpp
		OWLOS\src\utils\WebProperties.h = OWLOS\src\utils\WebProperties.h
	EndProjectSection
EndProject
Project("{2150E333-8FDC-42A3-9474-1A3956D46DE8}") = "OWLOSResources", "OWLOSResources", "{0DE788A3-BBF4-4E4D-81BB-58F1A2AEC80F}"
EndProject
Project("{9A19103F-16F7-4668-BE54-9A1E7A4F7556}") = "OWLOSAdmin", "OWLOSAdmin\OWLOSAdmin.csproj", "{035862CA-8F69-4BB8-816E-8A3F4D491679}"
EndProject
Global
	GlobalSection(SolutionConfigurationPlatforms) = preSolution
		Debug|Any CPU = Debug|Any CPU
		Release|Any CPU = Release|Any CPU
	EndGlobalSection
	GlobalSection(ProjectConfigurationPlatforms) = postSolution
		{035862CA-8F69-4BB8-816E-8A3F4D491679}.Debug|Any CPU.ActiveCfg = Debug|Any CPU
		{035862CA-8F69-4BB8-816E-8A3F4D491679}.Debug|Any CPU.Build.0 = Debug|Any CPU
		{035862CA-8F69-4BB8-816E-8A3F4D491679}.Release|Any CPU.ActiveCfg = Release|Any CPU
		{035862CA-8F69-4BB8-816E-8A3F4D491679}.Release|Any CPU.Build.0 = Release|Any CPU
	EndGlobalSection
	GlobalSection(SolutionProperties) = preSolution
		HideSolutionNode = FALSE
	EndGlobalSection
	GlobalSection(NestedProjects) = preSolution
		{0586AFF7-C5E7-4ED0-9719-B2D3750DF097} = {CEAB6A89-5A7E-4F78-8DC9-903F3DCA2ACE}
		{00D2E15C-87C3-4EC5-A8DC-2213DEE378DD} = {CEAB6A89-5A7E-4F78-8DC9-903F3DCA2ACE}
		{5025BA70-8AFB-434A-88E8-1CD27C36F30B} = {CEAB6A89-5A7E-4F78-8DC9-903F3DCA2ACE}
		{6C1C1756-D7E4-4399-AF22-7D43AAE2F9E7} = {CEAB6A89-5A7E-4F78-8DC9-903F3DCA2ACE}
		{E41163AD-4A6A-4628-9CA9-558A5CA10032} = {0586AFF7-C5E7-4ED0-9719-B2D3750DF097}
		{E4AC87BE-1B74-436F-AC4C-D9D9342EA354} = {6C1C1756-D7E4-4399-AF22-7D43AAE2F9E7}
		{B8F9C798-24FF-4E00-B903-228234AAE229} = {6C1C1756-D7E4-4399-AF22-7D43AAE2F9E7}
		{6A416E69-AA4F-41A2-9C9E-6FD7D55E306A} = {6C1C1756-D7E4-4399-AF22-7D43AAE2F9E7}
		{9C6397B1-FCB3-4718-A913-F52E5BE372EE} = {6C1C1756-D7E4-4399-AF22-7D43AAE2F9E7}
		{035862CA-8F69-4BB8-816E-8A3F4D491679} = {CEAB6A89-5A7E-4F78-8DC9-903F3DCA2ACE}
	EndGlobalSection
	GlobalSection(ExtensibilityGlobals) = postSolution
		SolutionGuid = {9A146DA9-5CF0-425C-A7F4-C00482E8A430}
	EndGlobalSection
EndGlobal
