
Microsoft Visual Studio Solution File, Format Version 12.00
# Visual Studio Version 16
VisualStudioVersion = 16.0.30413.136
MinimumVisualStudioVersion = 10.0.40219.1
Project("{FAE04EC0-301F-11D3-BF4B-00C04F79EFBC}") = "OWLOS_WPF_1", "OWLOS_WPF_1\OWLOS_WPF_1.csproj", "{38ED5655-DF75-4933-9476-94AEC92B7DBB}"
EndProject
Global
	GlobalSection(SolutionConfigurationPlatforms) = preSolution
		Debug|Any CPU = Debug|Any CPU
		Release|Any CPU = Release|Any CPU
	EndGlobalSection
	GlobalSection(ProjectConfigurationPlatforms) = postSolution
		{38ED5655-DF75-4933-9476-94AEC92B7DBB}.Debug|Any CPU.ActiveCfg = Debug|Any CPU
		{38ED5655-DF75-4933-9476-94AEC92B7DBB}.Debug|Any CPU.Build.0 = Debug|Any CPU
		{38ED5655-DF75-4933-9476-94AEC92B7DBB}.Release|Any CPU.ActiveCfg = Release|Any CPU
		{38ED5655-DF75-4933-9476-94AEC92B7DBB}.Release|Any CPU.Build.0 = Release|Any CPU
	EndGlobalSection
	GlobalSection(SolutionProperties) = preSolution
		HideSolutionNode = FALSE
	EndGlobalSection
	GlobalSection(ExtensibilityGlobals) = postSolution
		SolutionGuid = {AEBA706D-CE84-44EA-B8D2-4B39C133AEB2}
	EndGlobalSection
EndGlobal
