
Microsoft Visual Studio Solution File, Format Version 12.00
# Visual Studio Version 16
VisualStudioVersion = 16.0.30413.136
MinimumVisualStudioVersion = 10.0.40219.1
Project("{FAE04EC0-301F-11D3-BF4B-00C04F79EFBC}") = "OWLOS_WPF_2", "OWLOS_WPF_2\OWLOS_WPF_2.csproj", "{CECE4F9C-3668-4D83-9DBD-B8253C8D30E2}"
EndProject
Global
	GlobalSection(SolutionConfigurationPlatforms) = preSolution
		Debug|Any CPU = Debug|Any CPU
		Release|Any CPU = Release|Any CPU
	EndGlobalSection
	GlobalSection(ProjectConfigurationPlatforms) = postSolution
		{CECE4F9C-3668-4D83-9DBD-B8253C8D30E2}.Debug|Any CPU.ActiveCfg = Debug|Any CPU
		{CECE4F9C-3668-4D83-9DBD-B8253C8D30E2}.Debug|Any CPU.Build.0 = Debug|Any CPU
		{CECE4F9C-3668-4D83-9DBD-B8253C8D30E2}.Release|Any CPU.ActiveCfg = Release|Any CPU
		{CECE4F9C-3668-4D83-9DBD-B8253C8D30E2}.Release|Any CPU.Build.0 = Release|Any CPU
	EndGlobalSection
	GlobalSection(SolutionProperties) = preSolution
		HideSolutionNode = FALSE
	EndGlobalSection
	GlobalSection(ExtensibilityGlobals) = postSolution
		SolutionGuid = {C01646CE-2B29-413B-B90E-0A78BBEB910B}
	EndGlobalSection
EndGlobal
