
Microsoft Visual Studio Solution File, Format Version 12.00
# Visual Studio Version 16
VisualStudioVersion = 16.0.30413.136
MinimumVisualStudioVersion = 10.0.40219.1
Project("{FAE04EC0-301F-11D3-BF4B-00C04F79EFBC}") = "OWLOS_WPF_3", "OWLOS_WPF_3\OWLOS_WPF_3.csproj", "{5D6C2EFB-9705-4DBA-8621-DC1AF236E1EC}"
EndProject
Global
	GlobalSection(SolutionConfigurationPlatforms) = preSolution
		Debug|Any CPU = Debug|Any CPU
		Release|Any CPU = Release|Any CPU
	EndGlobalSection
	GlobalSection(ProjectConfigurationPlatforms) = postSolution
		{5D6C2EFB-9705-4DBA-8621-DC1AF236E1EC}.Debug|Any CPU.ActiveCfg = Debug|Any CPU
		{5D6C2EFB-9705-4DBA-8621-DC1AF236E1EC}.Debug|Any CPU.Build.0 = Debug|Any CPU
		{5D6C2EFB-9705-4DBA-8621-DC1AF236E1EC}.Release|Any CPU.ActiveCfg = Release|Any CPU
		{5D6C2EFB-9705-4DBA-8621-DC1AF236E1EC}.Release|Any CPU.Build.0 = Release|Any CPU
	EndGlobalSection
	GlobalSection(SolutionProperties) = preSolution
		HideSolutionNode = FALSE
	EndGlobalSection
	GlobalSection(ExtensibilityGlobals) = postSolution
		SolutionGuid = {F2791D3B-CC7A-47B8-9B40-5A493DBB1CAC}
	EndGlobalSection
EndGlobal
